// !$*UTF8*$!
{
	archiveVersion = 1;
	classes = {
	};
	objectVersion = 51;
	objects = {

/* Begin PBXBuildFile section */
		C108AD5222E5E6EC006B7C67 /* ShowDetailsViewController.swift in Sources */ = {isa = PBXBuildFile; fileRef = C108AD5122E5E6EC006B7C67 /* ShowDetailsViewController.swift */; };
		C108AD5422E5E707006B7C67 /* Details.storyboard in Resources */ = {isa = PBXBuildFile; fileRef = C108AD5322E5E707006B7C67 /* Details.storyboard */; };
		C10B29F622E831D900E6C9F7 /* NewEpisode.storyboard in Resources */ = {isa = PBXBuildFile; fileRef = C10B29F522E831D900E6C9F7 /* NewEpisode.storyboard */; };
		C10B29F822E8321100E6C9F7 /* NewEpisodeViewController.swift in Sources */ = {isa = PBXBuildFile; fileRef = C10B29F722E8321100E6C9F7 /* NewEpisodeViewController.swift */; };
		C10BBE5422E8BD6100BDB325 /* NewEpisode.swift in Sources */ = {isa = PBXBuildFile; fileRef = C10BBE5322E8BD6100BDB325 /* NewEpisode.swift */; };
		C10BBE5922EA1F1B00BDB325 /* EpisodeTableViewCell.swift in Sources */ = {isa = PBXBuildFile; fileRef = C10BBE5822EA1F1B00BDB325 /* EpisodeTableViewCell.swift */; };
		C11AD04622E736B600B21A29 /* Episode.swift in Sources */ = {isa = PBXBuildFile; fileRef = C11AD04522E736B600B21A29 /* Episode.swift */; };
		C11AD04822E7385E00B21A29 /* ShowInfo.swift in Sources */ = {isa = PBXBuildFile; fileRef = C11AD04722E7385E00B21A29 /* ShowInfo.swift */; };
		C11AD04A22E73D1B00B21A29 /* DescriptionCell.swift in Sources */ = {isa = PBXBuildFile; fileRef = C11AD04922E73D1B00B21A29 /* DescriptionCell.swift */; };
		C12770AF22E35354000B5B68 /* Show.swift in Sources */ = {isa = PBXBuildFile; fileRef = C12770AE22E35354000B5B68 /* Show.swift */; };
		C12770B122E45DF8000B5B68 /* TVShowItem.swift in Sources */ = {isa = PBXBuildFile; fileRef = C12770B022E45DF8000B5B68 /* TVShowItem.swift */; };
		C12770B322E4614C000B5B68 /* TVShowTableViewCell.swift in Sources */ = {isa = PBXBuildFile; fileRef = C12770B222E4614C000B5B68 /* TVShowTableViewCell.swift */; };
		C197238522DCBB9D00219915 /* Home.storyboard in Resources */ = {isa = PBXBuildFile; fileRef = C197238422DCBB9D00219915 /* Home.storyboard */; };
		C19F580122DDA2A100A18A49 /* User.swift in Sources */ = {isa = PBXBuildFile; fileRef = C19F580022DDA2A100A18A49 /* User.swift */; };
		C19F580322DDA3A900A18A49 /* LoginData.swift in Sources */ = {isa = PBXBuildFile; fileRef = C19F580222DDA3A900A18A49 /* LoginData.swift */; };
		C1A48EF922DB7C6C00856BB1 /* HomeViewController.swift in Sources */ = {isa = PBXBuildFile; fileRef = C1A48EF822DB7C6C00856BB1 /* HomeViewController.swift */; };
		C1AC8A6C22CE53DC000075BD /* AppDelegate.swift in Sources */ = {isa = PBXBuildFile; fileRef = C1AC8A6B22CE53DC000075BD /* AppDelegate.swift */; };
		C1AC8A7322CE53DD000075BD /* Assets.xcassets in Resources */ = {isa = PBXBuildFile; fileRef = C1AC8A7222CE53DD000075BD /* Assets.xcassets */; };
		C1AC8A7622CE53DD000075BD /* LaunchScreen.storyboard in Resources */ = {isa = PBXBuildFile; fileRef = C1AC8A7422CE53DD000075BD /* LaunchScreen.storyboard */; };
		C1C1C23822D0CEAC0038156E /* Login.storyboard in Resources */ = {isa = PBXBuildFile; fileRef = C1C1C23722D0CEAC0038156E /* Login.storyboard */; };
		C1C1C23E22D0D6700038156E /* LoginViewController.swift in Sources */ = {isa = PBXBuildFile; fileRef = C1C1C23D22D0D6700038156E /* LoginViewController.swift */; };
		FA0A26DA1B1BF18D0517AABB /* Pods_TVShows.framework in Frameworks */ = {isa = PBXBuildFile; fileRef = 86FF75883ACCA860CEF8CF14 /* Pods_TVShows.framework */; };
/* End PBXBuildFile section */

/* Begin PBXFileReference section */
		028ED9198E30D283649CFF10 /* Pods-TVShows.release.xcconfig */ = {isa = PBXFileReference; includeInIndex = 1; lastKnownFileType = text.xcconfig; name = "Pods-TVShows.release.xcconfig"; path = "Target Support Files/Pods-TVShows/Pods-TVShows.release.xcconfig"; sourceTree = "<group>"; };
		86FF75883ACCA860CEF8CF14 /* Pods_TVShows.framework */ = {isa = PBXFileReference; explicitFileType = wrapper.framework; includeInIndex = 0; path = Pods_TVShows.framework; sourceTree = BUILT_PRODUCTS_DIR; };
		8E5D0AA9C8F5087D12E8C430 /* Pods-TVShows.debug.xcconfig */ = {isa = PBXFileReference; includeInIndex = 1; lastKnownFileType = text.xcconfig; name = "Pods-TVShows.debug.xcconfig"; path = "Target Support Files/Pods-TVShows/Pods-TVShows.debug.xcconfig"; sourceTree = "<group>"; };
		C108AD5122E5E6EC006B7C67 /* ShowDetailsViewController.swift */ = {isa = PBXFileReference; lastKnownFileType = sourcecode.swift; path = ShowDetailsViewController.swift; sourceTree = "<group>"; };
		C108AD5322E5E707006B7C67 /* Details.storyboard */ = {isa = PBXFileReference; lastKnownFileType = file.storyboard; path = Details.storyboard; sourceTree = "<group>"; };
		C10B29F522E831D900E6C9F7 /* NewEpisode.storyboard */ = {isa = PBXFileReference; lastKnownFileType = file.storyboard; path = NewEpisode.storyboard; sourceTree = "<group>"; };
		C10B29F722E8321100E6C9F7 /* NewEpisodeViewController.swift */ = {isa = PBXFileReference; lastKnownFileType = sourcecode.swift; path = NewEpisodeViewController.swift; sourceTree = "<group>"; };
		C10BBE5322E8BD6100BDB325 /* NewEpisode.swift */ = {isa = PBXFileReference; lastKnownFileType = sourcecode.swift; path = NewEpisode.swift; sourceTree = "<group>"; };
		C10BBE5822EA1F1B00BDB325 /* EpisodeTableViewCell.swift */ = {isa = PBXFileReference; lastKnownFileType = sourcecode.swift; path = EpisodeTableViewCell.swift; sourceTree = "<group>"; };
		C11AD04522E736B600B21A29 /* Episode.swift */ = {isa = PBXFileReference; lastKnownFileType = sourcecode.swift; path = Episode.swift; sourceTree = "<group>"; };
		C11AD04722E7385E00B21A29 /* ShowInfo.swift */ = {isa = PBXFileReference; lastKnownFileType = sourcecode.swift; path = ShowInfo.swift; sourceTree = "<group>"; };
		C11AD04922E73D1B00B21A29 /* DescriptionCell.swift */ = {isa = PBXFileReference; lastKnownFileType = sourcecode.swift; path = DescriptionCell.swift; sourceTree = "<group>"; };
		C12770AE22E35354000B5B68 /* Show.swift */ = {isa = PBXFileReference; lastKnownFileType = sourcecode.swift; path = Show.swift; sourceTree = "<group>"; };
		C12770B022E45DF8000B5B68 /* TVShowItem.swift */ = {isa = PBXFileReference; lastKnownFileType = sourcecode.swift; path = TVShowItem.swift; sourceTree = "<group>"; };
		C12770B222E4614C000B5B68 /* TVShowTableViewCell.swift */ = {isa = PBXFileReference; lastKnownFileType = sourcecode.swift; path = TVShowTableViewCell.swift; sourceTree = "<group>"; };
		C197238422DCBB9D00219915 /* Home.storyboard */ = {isa = PBXFileReference; lastKnownFileType = file.storyboard; path = Home.storyboard; sourceTree = "<group>"; };
		C19F580022DDA2A100A18A49 /* User.swift */ = {isa = PBXFileReference; lastKnownFileType = sourcecode.swift; path = User.swift; sourceTree = "<group>"; };
		C19F580222DDA3A900A18A49 /* LoginData.swift */ = {isa = PBXFileReference; lastKnownFileType = sourcecode.swift; path = LoginData.swift; sourceTree = "<group>"; };
		C1A48EF822DB7C6C00856BB1 /* HomeViewController.swift */ = {isa = PBXFileReference; lastKnownFileType = sourcecode.swift; path = HomeViewController.swift; sourceTree = "<group>"; };
		C1AC8A6822CE53DC000075BD /* TVShows.app */ = {isa = PBXFileReference; explicitFileType = wrapper.application; includeInIndex = 0; path = TVShows.app; sourceTree = BUILT_PRODUCTS_DIR; };
		C1AC8A6B22CE53DC000075BD /* AppDelegate.swift */ = {isa = PBXFileReference; lastKnownFileType = sourcecode.swift; path = AppDelegate.swift; sourceTree = "<group>"; };
		C1AC8A7222CE53DD000075BD /* Assets.xcassets */ = {isa = PBXFileReference; lastKnownFileType = folder.assetcatalog; path = Assets.xcassets; sourceTree = "<group>"; };
		C1AC8A7522CE53DD000075BD /* Base */ = {isa = PBXFileReference; lastKnownFileType = file.storyboard; name = Base; path = Base.lproj/LaunchScreen.storyboard; sourceTree = "<group>"; };
		C1AC8A7722CE53DD000075BD /* Info.plist */ = {isa = PBXFileReference; lastKnownFileType = text.plist.xml; path = Info.plist; sourceTree = "<group>"; };
		C1C1C23722D0CEAC0038156E /* Login.storyboard */ = {isa = PBXFileReference; lastKnownFileType = file.storyboard; path = Login.storyboard; sourceTree = "<group>"; };
		C1C1C23D22D0D6700038156E /* LoginViewController.swift */ = {isa = PBXFileReference; lastKnownFileType = sourcecode.swift; path = LoginViewController.swift; sourceTree = "<group>"; };
/* End PBXFileReference section */

/* Begin PBXFrameworksBuildPhase section */
		C1AC8A6522CE53DC000075BD /* Frameworks */ = {
			isa = PBXFrameworksBuildPhase;
			buildActionMask = 2147483647;
			files = (
				FA0A26DA1B1BF18D0517AABB /* Pods_TVShows.framework in Frameworks */,
			);
			runOnlyForDeploymentPostprocessing = 0;
		};
/* End PBXFrameworksBuildPhase section */

/* Begin PBXGroup section */
		0F2803EC81C0497536E68659 /* Frameworks */ = {
			isa = PBXGroup;
			children = (
				86FF75883ACCA860CEF8CF14 /* Pods_TVShows.framework */,
			);
			name = Frameworks;
			sourceTree = "<group>";
		};
		905930F764EEA4D40E3C7E8E /* Pods */ = {
			isa = PBXGroup;
			children = (
				8E5D0AA9C8F5087D12E8C430 /* Pods-TVShows.debug.xcconfig */,
				028ED9198E30D283649CFF10 /* Pods-TVShows.release.xcconfig */,
			);
			path = Pods;
			sourceTree = "<group>";
		};
		C108AD5022E5E6B6006B7C67 /* Details */ = {
			isa = PBXGroup;
			children = (
				C108AD5122E5E6EC006B7C67 /* ShowDetailsViewController.swift */,
				C108AD5322E5E707006B7C67 /* Details.storyboard */,
				C11AD04522E736B600B21A29 /* Episode.swift */,
				C11AD04722E7385E00B21A29 /* ShowInfo.swift */,
				C11AD04922E73D1B00B21A29 /* DescriptionCell.swift */,
				C10BBE5822EA1F1B00BDB325 /* EpisodeTableViewCell.swift */,
			);
			path = Details;
			sourceTree = "<group>";
		};
		C10B29F422E8311A00E6C9F7 /* NewEpisode */ = {
			isa = PBXGroup;
			children = (
				C10B29F522E831D900E6C9F7 /* NewEpisode.storyboard */,
				C10B29F722E8321100E6C9F7 /* NewEpisodeViewController.swift */,
				C10BBE5322E8BD6100BDB325 /* NewEpisode.swift */,
			);
			path = NewEpisode;
			sourceTree = "<group>";
		};
		C10BBE5522E9C31500BDB325 /* Supporting files */ = {
			isa = PBXGroup;
			children = (
				C1AC8A6B22CE53DC000075BD /* AppDelegate.swift */,
				C1AC8A7222CE53DD000075BD /* Assets.xcassets */,
				C1AC8A7422CE53DD000075BD /* LaunchScreen.storyboard */,
				C1AC8A7722CE53DD000075BD /* Info.plist */,
			);
			path = "Supporting files";
			sourceTree = "<group>";
		};
		C197238322DCBA8300219915 /* Home */ = {
			isa = PBXGroup;
			children = (
				C197238422DCBB9D00219915 /* Home.storyboard */,
				C1A48EF822DB7C6C00856BB1 /* HomeViewController.swift */,
				C12770AE22E35354000B5B68 /* Show.swift */,
				C12770B022E45DF8000B5B68 /* TVShowItem.swift */,
				C12770B222E4614C000B5B68 /* TVShowTableViewCell.swift */,
			);
			path = Home;
			sourceTree = "<group>";
		};
		C1AC8A5F22CE53DC000075BD = {
			isa = PBXGroup;
			children = (
				C1AC8A6A22CE53DC000075BD /* TVShows */,
				C1AC8A6922CE53DC000075BD /* Products */,
				905930F764EEA4D40E3C7E8E /* Pods */,
				0F2803EC81C0497536E68659 /* Frameworks */,
			);
			sourceTree = "<group>";
		};
		C1AC8A6922CE53DC000075BD /* Products */ = {
			isa = PBXGroup;
			children = (
				C1AC8A6822CE53DC000075BD /* TVShows.app */,
			);
			name = Products;
			sourceTree = "<group>";
		};
		C1AC8A6A22CE53DC000075BD /* TVShows */ = {
			isa = PBXGroup;
			children = (
				C10B29F422E8311A00E6C9F7 /* NewEpisode */,
				C108AD5022E5E6B6006B7C67 /* Details */,
				C197238322DCBA8300219915 /* Home */,
				C1C1C23622D0CE370038156E /* Login */,
				C10BBE5522E9C31500BDB325 /* Supporting files */,
			);
			path = TVShows;
			sourceTree = "<group>";
		};
		C1C1C23622D0CE370038156E /* Login */ = {
			isa = PBXGroup;
			children = (
				C1C1C23722D0CEAC0038156E /* Login.storyboard */,
				C1C1C23D22D0D6700038156E /* LoginViewController.swift */,
				C19F580022DDA2A100A18A49 /* User.swift */,
				C19F580222DDA3A900A18A49 /* LoginData.swift */,
			);
			path = Login;
			sourceTree = "<group>";
		};
/* End PBXGroup section */

/* Begin PBXNativeTarget section */
		C1AC8A6722CE53DC000075BD /* TVShows */ = {
			isa = PBXNativeTarget;
			buildConfigurationList = C1AC8A7A22CE53DD000075BD /* Build configuration list for PBXNativeTarget "TVShows" */;
			buildPhases = (
				E8BD8581C965DEBF3DA9F81A /* [CP] Check Pods Manifest.lock */,
				C1AC8A6422CE53DC000075BD /* Sources */,
				C1AC8A6522CE53DC000075BD /* Frameworks */,
				C1AC8A6622CE53DC000075BD /* Resources */,
				63C7EDF98AD3227BB9578BC7 /* [CP] Embed Pods Frameworks */,
			);
			buildRules = (
			);
			dependencies = (
			);
			name = TVShows;
			productName = TVShows;
			productReference = C1AC8A6822CE53DC000075BD /* TVShows.app */;
			productType = "com.apple.product-type.application";
		};
/* End PBXNativeTarget section */

/* Begin PBXProject section */
		C1AC8A6022CE53DC000075BD /* Project object */ = {
			isa = PBXProject;
			attributes = {
				LastSwiftUpdateCheck = 1020;
				LastUpgradeCheck = 1020;
				ORGANIZATIONNAME = "Krešimir Baković";
				TargetAttributes = {
					C1AC8A6722CE53DC000075BD = {
						CreatedOnToolsVersion = 10.2.1;
					};
				};
			};
			buildConfigurationList = C1AC8A6322CE53DC000075BD /* Build configuration list for PBXProject "TVShows" */;
			compatibilityVersion = "Xcode 9.3";
			developmentRegion = en;
			hasScannedForEncodings = 0;
			knownRegions = (
				en,
				Base,
			);
			mainGroup = C1AC8A5F22CE53DC000075BD;
			productRefGroup = C1AC8A6922CE53DC000075BD /* Products */;
			projectDirPath = "";
			projectRoot = "";
			targets = (
				C1AC8A6722CE53DC000075BD /* TVShows */,
			);
		};
/* End PBXProject section */

/* Begin PBXResourcesBuildPhase section */
		C1AC8A6622CE53DC000075BD /* Resources */ = {
			isa = PBXResourcesBuildPhase;
			buildActionMask = 2147483647;
			files = (
				C108AD5422E5E707006B7C67 /* Details.storyboard in Resources */,
				C1AC8A7622CE53DD000075BD /* LaunchScreen.storyboard in Resources */,
				C1AC8A7322CE53DD000075BD /* Assets.xcassets in Resources */,
				C10B29F622E831D900E6C9F7 /* NewEpisode.storyboard in Resources */,
				C1C1C23822D0CEAC0038156E /* Login.storyboard in Resources */,
				C197238522DCBB9D00219915 /* Home.storyboard in Resources */,
			);
			runOnlyForDeploymentPostprocessing = 0;
		};
/* End PBXResourcesBuildPhase section */

/* Begin PBXShellScriptBuildPhase section */
		63C7EDF98AD3227BB9578BC7 /* [CP] Embed Pods Frameworks */ = {
			isa = PBXShellScriptBuildPhase;
			buildActionMask = 2147483647;
			files = (
			);
			inputFileListPaths = (
				"${PODS_ROOT}/Target Support Files/Pods-TVShows/Pods-TVShows-frameworks-${CONFIGURATION}-input-files.xcfilelist",
			);
			name = "[CP] Embed Pods Frameworks";
			outputFileListPaths = (
				"${PODS_ROOT}/Target Support Files/Pods-TVShows/Pods-TVShows-frameworks-${CONFIGURATION}-output-files.xcfilelist",
			);
			runOnlyForDeploymentPostprocessing = 0;
			shellPath = /bin/sh;
			shellScript = "\"${PODS_ROOT}/Target Support Files/Pods-TVShows/Pods-TVShows-frameworks.sh\"\n";
			showEnvVarsInLog = 0;
		};
		E8BD8581C965DEBF3DA9F81A /* [CP] Check Pods Manifest.lock */ = {
			isa = PBXShellScriptBuildPhase;
			buildActionMask = 2147483647;
			files = (
			);
			inputFileListPaths = (
			);
			inputPaths = (
				"${PODS_PODFILE_DIR_PATH}/Podfile.lock",
				"${PODS_ROOT}/Manifest.lock",
			);
			name = "[CP] Check Pods Manifest.lock";
			outputFileListPaths = (
			);
			outputPaths = (
				"$(DERIVED_FILE_DIR)/Pods-TVShows-checkManifestLockResult.txt",
			);
			runOnlyForDeploymentPostprocessing = 0;
			shellPath = /bin/sh;
			shellScript = "diff \"${PODS_PODFILE_DIR_PATH}/Podfile.lock\" \"${PODS_ROOT}/Manifest.lock\" > /dev/null\nif [ $? != 0 ] ; then\n    # print error to STDERR\n    echo \"error: The sandbox is not in sync with the Podfile.lock. Run 'pod install' or update your CocoaPods installation.\" >&2\n    exit 1\nfi\n# This output is used by Xcode 'outputs' to avoid re-running this script phase.\necho \"SUCCESS\" > \"${SCRIPT_OUTPUT_FILE_0}\"\n";
			showEnvVarsInLog = 0;
		};
/* End PBXShellScriptBuildPhase section */

/* Begin PBXSourcesBuildPhase section */
		C1AC8A6422CE53DC000075BD /* Sources */ = {
			isa = PBXSourcesBuildPhase;
			buildActionMask = 2147483647;
			files = (
				C12770AF22E35354000B5B68 /* Show.swift in Sources */,
				C1C1C23E22D0D6700038156E /* LoginViewController.swift in Sources */,
				C12770B322E4614C000B5B68 /* TVShowTableViewCell.swift in Sources */,
				C10BBE5922EA1F1B00BDB325 /* EpisodeTableViewCell.swift in Sources */,
				C11AD04622E736B600B21A29 /* Episode.swift in Sources */,
				C12770B122E45DF8000B5B68 /* TVShowItem.swift in Sources */,
				C10B29F822E8321100E6C9F7 /* NewEpisodeViewController.swift in Sources */,
				C19F580322DDA3A900A18A49 /* LoginData.swift in Sources */,
				C19F580122DDA2A100A18A49 /* User.swift in Sources */,
				C1AC8A6C22CE53DC000075BD /* AppDelegate.swift in Sources */,
				C11AD04A22E73D1B00B21A29 /* DescriptionCell.swift in Sources */,
				C108AD5222E5E6EC006B7C67 /* ShowDetailsViewController.swift in Sources */,
				C11AD04822E7385E00B21A29 /* ShowInfo.swift in Sources */,
				C10BBE5422E8BD6100BDB325 /* NewEpisode.swift in Sources */,
				C1A48EF922DB7C6C00856BB1 /* HomeViewController.swift in Sources */,
			);
			runOnlyForDeploymentPostprocessing = 0;
		};
/* End PBXSourcesBuildPhase section */

/* Begin PBXVariantGroup section */
		C1AC8A7422CE53DD000075BD /* LaunchScreen.storyboard */ = {
			isa = PBXVariantGroup;
			children = (
				C1AC8A7522CE53DD000075BD /* Base */,
			);
			name = LaunchScreen.storyboard;
			sourceTree = "<group>";
		};
/* End PBXVariantGroup section */

/* Begin XCBuildConfiguration section */
		C1AC8A7822CE53DD000075BD /* Debug */ = {
			isa = XCBuildConfiguration;
			buildSettings = {
				ALWAYS_SEARCH_USER_PATHS = NO;
				CLANG_ANALYZER_NONNULL = YES;
				CLANG_ANALYZER_NUMBER_OBJECT_CONVERSION = YES_AGGRESSIVE;
				CLANG_CXX_LANGUAGE_STANDARD = "gnu++14";
				CLANG_CXX_LIBRARY = "libc++";
				CLANG_ENABLE_MODULES = YES;
				CLANG_ENABLE_OBJC_ARC = YES;
				CLANG_ENABLE_OBJC_WEAK = YES;
				CLANG_WARN_BLOCK_CAPTURE_AUTORELEASING = YES;
				CLANG_WARN_BOOL_CONVERSION = YES;
				CLANG_WARN_COMMA = YES;
				CLANG_WARN_CONSTANT_CONVERSION = YES;
				CLANG_WARN_DEPRECATED_OBJC_IMPLEMENTATIONS = YES;
				CLANG_WARN_DIRECT_OBJC_ISA_USAGE = YES_ERROR;
				CLANG_WARN_DOCUMENTATION_COMMENTS = YES;
				CLANG_WARN_EMPTY_BODY = YES;
				CLANG_WARN_ENUM_CONVERSION = YES;
				CLANG_WARN_INFINITE_RECURSION = YES;
				CLANG_WARN_INT_CONVERSION = YES;
				CLANG_WARN_NON_LITERAL_NULL_CONVERSION = YES;
				CLANG_WARN_OBJC_IMPLICIT_RETAIN_SELF = YES;
				CLANG_WARN_OBJC_LITERAL_CONVERSION = YES;
				CLANG_WARN_OBJC_ROOT_CLASS = YES_ERROR;
				CLANG_WARN_RANGE_LOOP_ANALYSIS = YES;
				CLANG_WARN_STRICT_PROTOTYPES = YES;
				CLANG_WARN_SUSPICIOUS_MOVE = YES;
				CLANG_WARN_UNGUARDED_AVAILABILITY = YES_AGGRESSIVE;
				CLANG_WARN_UNREACHABLE_CODE = YES;
				CLANG_WARN__DUPLICATE_METHOD_MATCH = YES;
				CODE_SIGN_IDENTITY = "iPhone Developer";
				COPY_PHASE_STRIP = NO;
				DEBUG_INFORMATION_FORMAT = dwarf;
				ENABLE_STRICT_OBJC_MSGSEND = YES;
				ENABLE_TESTABILITY = YES;
				GCC_C_LANGUAGE_STANDARD = gnu11;
				GCC_DYNAMIC_NO_PIC = NO;
				GCC_NO_COMMON_BLOCKS = YES;
				GCC_OPTIMIZATION_LEVEL = 0;
				GCC_PREPROCESSOR_DEFINITIONS = (
					"DEBUG=1",
					"$(inherited)",
				);
				GCC_WARN_64_TO_32_BIT_CONVERSION = YES;
				GCC_WARN_ABOUT_RETURN_TYPE = YES_ERROR;
				GCC_WARN_UNDECLARED_SELECTOR = YES;
				GCC_WARN_UNINITIALIZED_AUTOS = YES_AGGRESSIVE;
				GCC_WARN_UNUSED_FUNCTION = YES;
				GCC_WARN_UNUSED_VARIABLE = YES;
				IPHONEOS_DEPLOYMENT_TARGET = 12.2;
				MTL_ENABLE_DEBUG_INFO = INCLUDE_SOURCE;
				MTL_FAST_MATH = YES;
				ONLY_ACTIVE_ARCH = YES;
				SDKROOT = iphoneos;
				SWIFT_ACTIVE_COMPILATION_CONDITIONS = DEBUG;
				SWIFT_OPTIMIZATION_LEVEL = "-Onone";
			};
			name = Debug;
		};
		C1AC8A7922CE53DD000075BD /* Release */ = {
			isa = XCBuildConfiguration;
			buildSettings = {
				ALWAYS_SEARCH_USER_PATHS = NO;
				CLANG_ANALYZER_NONNULL = YES;
				CLANG_ANALYZER_NUMBER_OBJECT_CONVERSION = YES_AGGRESSIVE;
				CLANG_CXX_LANGUAGE_STANDARD = "gnu++14";
				CLANG_CXX_LIBRARY = "libc++";
				CLANG_ENABLE_MODULES = YES;
				CLANG_ENABLE_OBJC_ARC = YES;
				CLANG_ENABLE_OBJC_WEAK = YES;
				CLANG_WARN_BLOCK_CAPTURE_AUTORELEASING = YES;
				CLANG_WARN_BOOL_CONVERSION = YES;
				CLANG_WARN_COMMA = YES;
				CLANG_WARN_CONSTANT_CONVERSION = YES;
				CLANG_WARN_DEPRECATED_OBJC_IMPLEMENTATIONS = YES;
				CLANG_WARN_DIRECT_OBJC_ISA_USAGE = YES_ERROR;
				CLANG_WARN_DOCUMENTATION_COMMENTS = YES;
				CLANG_WARN_EMPTY_BODY = YES;
				CLANG_WARN_ENUM_CONVERSION = YES;
				CLANG_WARN_INFINITE_RECURSION = YES;
				CLANG_WARN_INT_CONVERSION = YES;
				CLANG_WARN_NON_LITERAL_NULL_CONVERSION = YES;
				CLANG_WARN_OBJC_IMPLICIT_RETAIN_SELF = YES;
				CLANG_WARN_OBJC_LITERAL_CONVERSION = YES;
				CLANG_WARN_OBJC_ROOT_CLASS = YES_ERROR;
				CLANG_WARN_RANGE_LOOP_ANALYSIS = YES;
				CLANG_WARN_STRICT_PROTOTYPES = YES;
				CLANG_WARN_SUSPICIOUS_MOVE = YES;
				CLANG_WARN_UNGUARDED_AVAILABILITY = YES_AGGRESSIVE;
				CLANG_WARN_UNREACHABLE_CODE = YES;
				CLANG_WARN__DUPLICATE_METHOD_MATCH = YES;
				CODE_SIGN_IDENTITY = "iPhone Developer";
				COPY_PHASE_STRIP = NO;
				DEBUG_INFORMATION_FORMAT = "dwarf-with-dsym";
				ENABLE_NS_ASSERTIONS = NO;
				ENABLE_STRICT_OBJC_MSGSEND = YES;
				GCC_C_LANGUAGE_STANDARD = gnu11;
				GCC_NO_COMMON_BLOCKS = YES;
				GCC_WARN_64_TO_32_BIT_CONVERSION = YES;
				GCC_WARN_ABOUT_RETURN_TYPE = YES_ERROR;
				GCC_WARN_UNDECLARED_SELECTOR = YES;
				GCC_WARN_UNINITIALIZED_AUTOS = YES_AGGRESSIVE;
				GCC_WARN_UNUSED_FUNCTION = YES;
				GCC_WARN_UNUSED_VARIABLE = YES;
				IPHONEOS_DEPLOYMENT_TARGET = 12.2;
				MTL_ENABLE_DEBUG_INFO = NO;
				MTL_FAST_MATH = YES;
				SDKROOT = iphoneos;
				SWIFT_COMPILATION_MODE = wholemodule;
				SWIFT_OPTIMIZATION_LEVEL = "-O";
				VALIDATE_PRODUCT = YES;
			};
			name = Release;
		};
		C1AC8A7B22CE53DD000075BD /* Debug */ = {
			isa = XCBuildConfiguration;
			baseConfigurationReference = 8E5D0AA9C8F5087D12E8C430 /* Pods-TVShows.debug.xcconfig */;
			buildSettings = {
				ASSETCATALOG_COMPILER_APPICON_NAME = AppIcon;
				CODE_SIGN_STYLE = Automatic;
				DEVELOPMENT_TEAM = S9TH2M95GL;
				INFOPLIST_FILE = "$(SRCROOT)/TVShows/Supporting files/Info.plist";
				LD_RUNPATH_SEARCH_PATHS = (
					"$(inherited)",
					"@executable_path/Frameworks",
				);
				PRODUCT_BUNDLE_IDENTIFIER = co.kresimir.bakovic.kb.TVShows;
				PRODUCT_NAME = "$(TARGET_NAME)";
				SWIFT_VERSION = 5.0;
				TARGETED_DEVICE_FAMILY = "1,2";
			};
			name = Debug;
		};
		C1AC8A7C22CE53DD000075BD /* Release */ = {
			isa = XCBuildConfiguration;
			baseConfigurationReference = 028ED9198E30D283649CFF10 /* Pods-TVShows.release.xcconfig */;
			buildSettings = {
				ASSETCATALOG_COMPILER_APPICON_NAME = AppIcon;
				CODE_SIGN_STYLE = Automatic;
				DEVELOPMENT_TEAM = S9TH2M95GL;
				INFOPLIST_FILE = "$(SRCROOT)/TVShows/Supporting files/Info.plist";
				LD_RUNPATH_SEARCH_PATHS = (
					"$(inherited)",
					"@executable_path/Frameworks",
				);
				PRODUCT_BUNDLE_IDENTIFIER = co.kresimir.bakovic.kb.TVShows;
				PRODUCT_NAME = "$(TARGET_NAME)";
				SWIFT_VERSION = 5.0;
				TARGETED_DEVICE_FAMILY = "1,2";
			};
			name = Release;
		};
/* End XCBuildConfiguration section */

/* Begin XCConfigurationList section */
		C1AC8A6322CE53DC000075BD /* Build configuration list for PBXProject "TVShows" */ = {
			isa = XCConfigurationList;
			buildConfigurations = (
				C1AC8A7822CE53DD000075BD /* Debug */,
				C1AC8A7922CE53DD000075BD /* Release */,
			);
			defaultConfigurationIsVisible = 0;
			defaultConfigurationName = Release;
		};
		C1AC8A7A22CE53DD000075BD /* Build configuration list for PBXNativeTarget "TVShows" */ = {
			isa = XCConfigurationList;
			buildConfigurations = (
				C1AC8A7B22CE53DD000075BD /* Debug */,
				C1AC8A7C22CE53DD000075BD /* Release */,
			);
			defaultConfigurationIsVisible = 0;
			defaultConfigurationName = Release;
		};
/* End XCConfigurationList section */
	};
	rootObject = C1AC8A6022CE53DC000075BD /* Project object */;
}
